# This file is automatically @generated by Cargo.
# It is not intended for manual editing.
version = 3

[[package]]
name = "calculator_v4"
version = "0.1.0"
dependencies = [
 "operation_tree",
]

[[package]]
name = "eq_split"
version = "0.1.0"

[[package]]
name = "operation_tree"
version = "0.1.0"
dependencies = [
 "eq_split",
]
